{
  "name": "codx",
  "version": "1.0.0",
  "lockfileVersion": 3,
  "requires": true,
  "packages": {
    "": {
      "name": "codx",
      "version": "1.0.0",
      "license": "ISC",
      "dependencies": {
        "@mistralai/mistralai": "^1.7.3",
        "@types/node": "^24.0.10",
        "@types/vscode": "^1.101.0",
        "typescript": "^5.8.3",
        "uuid": "^11.1.0"
      }
    },
    "node_modules/@mistralai/mistralai": {
      "version": "1.7.3",
      "resolved": "https://registry.npmjs.org/@mistralai/mistralai/-/mistralai-1.7.3.tgz",
      "integrity": "sha512-80OtFgy7ibbasYjupwnSpNv0nzY/OZdJ1+dsQZ/jWLLRDg4+81WXe8Hbvr1CxF67J00ZDYRhTdVpJkhcxdnW9g==",
      "dependencies": {
        "zod-to-json-schema": "^3.24.1"
      },
      "peerDependencies": {
        "zod": ">= 3"
      }
    },
    "node_modules/@types/node": {
      "version": "24.0.10",
      "resolved": "https://registry.npmjs.org/@types/node/-/node-24.0.10.tgz",
      "integrity": "sha512-ENHwaH+JIRTDIEEbDK6QSQntAYGtbvdDXnMXnZaZ6k13Du1dPMmprkEHIL7ok2Wl2aZevetwTAb5S+7yIF+enA==",
      "dependencies": {
        "undici-types": "~7.8.0"
      }
    },
    "node_modules/@types/vscode": {
      "version": "1.101.0",
      "resolved": "https://registry.npmjs.org/@types/vscode/-/vscode-1.101.0.tgz",
      "integrity": "sha512-ZWf0IWa+NGegdW3iU42AcDTFHWW7fApLdkdnBqwYEtHVIBGbTu0ZNQKP/kX3Ds/uMJXIMQNAojHR4vexCEEz5Q=="
    },
    "node_modules/typescript": {
      "version": "5.8.3",
      "resolved": "https://registry.npmjs.org/typescript/-/typescript-5.8.3.tgz",
      "integrity": "sha512-p1diW6TqL9L07nNxvRMM7hMMw4c5XOo/1ibL4aAIGmSAt9slTE1Xgw5KWuof2uTOvCg9BY7ZRi+GaF+7sfgPeQ==",
      "bin": {
        "tsc": "bin/tsc",
        "tsserver": "bin/tsserver"
      },
      "engines": {
        "node": ">=14.17"
      }
    },
    "node_modules/undici-types": {
      "version": "7.8.0",
      "resolved": "https://registry.npmjs.org/undici-types/-/undici-types-7.8.0.tgz",
      "integrity": "sha512-9UJ2xGDvQ43tYyVMpuHlsgApydB8ZKfVYTsLDhXkFL/6gfkp+U8xTGdh8pMJv1SpZna0zxG1DwsKZsreLbXBxw=="
    },
    "node_modules/uuid": {
      "version": "11.1.0",
      "resolved": "https://registry.npmjs.org/uuid/-/uuid-11.1.0.tgz",
      "integrity": "sha512-0/A9rDy9P7cJ+8w1c9WD9V//9Wj15Ce2MPz8Ri6032usz+NfePxx5AcN3bN+r6ZL6jEo066/yNYB3tn4pQEx+A==",
      "funding": [
        "https://github.com/sponsors/broofa",
        "https://github.com/sponsors/ctavan"
      ],
      "bin": {
        "uuid": "dist/esm/bin/uuid"
      }
    },
    "node_modules/zod": {
      "version": "3.25.73",
      "resolved": "https://registry.npmjs.org/zod/-/zod-3.25.73.tgz",
      "integrity": "sha512-fuIKbQAWQl22Ba5d1quwEETQYjqnpKVyZIWAhbnnHgnDd3a+z4YgEfkI5SZ2xMELnLAXo/Flk2uXgysZNf0uaA==",
      "peer": true,
      "funding": {
        "url": "https://github.com/sponsors/colinhacks"
      }
    },
    "node_modules/zod-to-json-schema": {
      "version": "3.24.6",
      "resolved": "https://registry.npmjs.org/zod-to-json-schema/-/zod-to-json-schema-3.24.6.tgz",
      "integrity": "sha512-h/z3PKvcTcTetyjl1fkj79MHNEjm+HpD6NXheWjzOekY7kV+lwDYnHw+ivHkijnCSMz1yJaWBD9vu/Fcmk+vEg==",
      "peerDependencies": {
        "zod": "^3.24.1"
      }
    }
  }
}
